{
  "name": "@gamunetwork/logger",
  "version": "{version}",
  "lockfileVersion": 3,
  "requires": true,
  "packages": {
    "": {
      "name": "@gamunetwork/logger",
      "version": "{version}",
      "license": "ISC",
      "dependencies": {
        "@types/node": "^16.11.15",
        "typescript": "^5.4.5"
      }
    },
    "node_modules/@types/node": {
      "version": "16.18.97",
      "resolved": "https://registry.npmjs.org/@types/node/-/node-16.18.97.tgz",
      "integrity": "sha512-4muilE1Lbfn57unR+/nT9AFjWk0MtWi5muwCEJqnOvfRQDbSfLCUdN7vCIg8TYuaANfhLOV85ve+FNpiUsbSRg=="
    },
    "node_modules/typescript": {
      "version": "5.4.5",
      "resolved": "https://registry.npmjs.org/typescript/-/typescript-5.4.5.tgz",
      "integrity": "sha512-vcI4UpRgg81oIRUFwR0WSIHKt11nJ7SAVlYNIu+QpqeyXP+gpQJy/Z4+F0aGxSE4MqwjyXvW/TzgkLAx2AGHwQ==",
      "bin": {
        "tsc": "bin/tsc",
        "tsserver": "bin/tsserver"
      },
      "engines": {
        "node": ">=14.17"
      }
    }
  }
}
